
Microsoft Visual Studio Solution File, Format Version 12.00
# Visual Studio Version 17
VisualStudioVersion = 17.10.35013.160
MinimumVisualStudioVersion = 10.0.40219.1
Project("{FAE04EC0-301F-11D3-BF4B-00C04F79EFBC}") = "29.6.2024", "29.6.2024\29.6.2024.csproj", "{06792E1B-DBC2-48AD-9B76-2E511CFF4E01}"
EndProject
Global
	GlobalSection(SolutionConfigurationPlatforms) = preSolution
		Debug|Any CPU = Debug|Any CPU
		Release|Any CPU = Release|Any CPU
	EndGlobalSection
	GlobalSection(ProjectConfigurationPlatforms) = postSolution
		{06792E1B-DBC2-48AD-9B76-2E511CFF4E01}.Debug|Any CPU.ActiveCfg = Debug|Any CPU
		{06792E1B-DBC2-48AD-9B76-2E511CFF4E01}.Debug|Any CPU.Build.0 = Debug|Any CPU
		{06792E1B-DBC2-48AD-9B76-2E511CFF4E01}.Release|Any CPU.ActiveCfg = Release|Any CPU
		{06792E1B-DBC2-48AD-9B76-2E511CFF4E01}.Release|Any CPU.Build.0 = Release|Any CPU
	EndGlobalSection
	GlobalSection(SolutionProperties) = preSolution
		HideSolutionNode = FALSE
	EndGlobalSection
	GlobalSection(ExtensibilityGlobals) = postSolution
		SolutionGuid = {8127D2FB-BD70-43AE-92A6-1AB330B7095E}
	EndGlobalSection
EndGlobal
